# This file is autogenerated, do not edit; changes may be undone by the next 'dep ensure'.


[[projects]]
  name = "github.com/barnybug/go-cast"
  packages = [".","api","controllers","events","log","net"]
  revision = "84bf9fc2ecfc9f99dbae3a3e1965e06db1eee6b6"
  version = "0.0.5"

[[projects]]
  branch = "master"
  name = "github.com/evalphobia/google-home-client-go"
  packages = ["googlehome"]
  revision = "33eef84c4e0d6ae48c2ab277885edb29e120242a"

[[projects]]
  name = "github.com/evalphobia/google-tts-go"
  packages = ["googletts"]
  revision = "f9ec2ea40e64300b0efd106cfa9b271a113f6a38"
  version = "v0.1.0"

[[projects]]
  name = "github.com/gogo/protobuf"
  packages = ["proto"]
  revision = "1adfc126b41513cc696b209667c8656ea7aac67c"
  version = "v1.0.0"

[[projects]]
  branch = "master"
  name = "golang.org/x/net"
  packages = ["context"]
  revision = "6078986fec03a1dcc236c34816c71b0e05018fda"

[solve-meta]
  analyzer-name = "dep"
  analyzer-version = 1
  inputs-digest = "cfd78bd4ca141df7916461158fe3f61d31ebf554212805df12faf1a8d47ecc74"
  solver-name = "gps-cdcl"
  solver-version = 1
